
Microsoft Visual Studio Solution File, Format Version 12.00
# Visual Studio Version 17
VisualStudioVersion = 17.9.34622.214
MinimumVisualStudioVersion = 10.0.40219.1
Project("{FAE04EC0-301F-11D3-BF4B-00C04F79EFBC}") = "Monopoly_Unity_Game_Server", "Monopoly_Unity_Game_Server\Monopoly_Unity_Game_Server.csproj", "{FC83619E-4E0D-4104-B038-753279A7BE65}"
EndProject
Global
	GlobalSection(SolutionConfigurationPlatforms) = preSolution
		Debug|Any CPU = Debug|Any CPU
		Release|Any CPU = Release|Any CPU
	EndGlobalSection
	GlobalSection(ProjectConfigurationPlatforms) = postSolution
		{FC83619E-4E0D-4104-B038-753279A7BE65}.Debug|Any CPU.ActiveCfg = Debug|Any CPU
		{FC83619E-4E0D-4104-B038-753279A7BE65}.Debug|Any CPU.Build.0 = Debug|Any CPU
		{FC83619E-4E0D-4104-B038-753279A7BE65}.Release|Any CPU.ActiveCfg = Release|Any CPU
		{FC83619E-4E0D-4104-B038-753279A7BE65}.Release|Any CPU.Build.0 = Release|Any CPU
	EndGlobalSection
	GlobalSection(SolutionProperties) = preSolution
		HideSolutionNode = FALSE
	EndGlobalSection
	GlobalSection(ExtensibilityGlobals) = postSolution
		SolutionGuid = {90DB48CF-45CD-4582-8133-783AC1CCDF37}
	EndGlobalSection
EndGlobal
